// !$*UTF8*$!
{
	archiveVersion = 1;
	classes = {
	};
	objectVersion = 46;
	objects = {

/* Begin PBXBuildFile section */
		7857DEE91CE8A6C800904B04 /* main.m in Sources */ = {isa = PBXBuildFile; fileRef = 7857DEE81CE8A6C800904B04 /* main.m */; };
		7857DEEC1CE8A6C800904B04 /* AppDelegate.m in Sources */ = {isa = PBXBuildFile; fileRef = 7857DEEB1CE8A6C800904B04 /* AppDelegate.m */; };
		7857DEEF1CE8A6C800904B04 /* ViewController.m in Sources */ = {isa = PBXBuildFile; fileRef = 7857DEEE1CE8A6C800904B04 /* ViewController.m */; };
		7857DEF21CE8A6C800904B04 /* Main.storyboard in Resources */ = {isa = PBXBuildFile; fileRef = 7857DEF01CE8A6C800904B04 /* Main.storyboard */; };
		7857DEF41CE8A6C800904B04 /* Assets.xcassets in Resources */ = {isa = PBXBuildFile; fileRef = 7857DEF31CE8A6C800904B04 /* Assets.xcassets */; };
		7857DEF71CE8A6C800904B04 /* LaunchScreen.storyboard in Resources */ = {isa = PBXBuildFile; fileRef = 7857DEF51CE8A6C800904B04 /* LaunchScreen.storyboard */; };
		7857DF021CE8A6C800904B04 /* AnimationHomeworkTests.m in Sources */ = {isa = PBXBuildFile; fileRef = 7857DF011CE8A6C800904B04 /* AnimationHomeworkTests.m */; };
		7857DF0D1CE8A6C800904B04 /* AnimationHomeworkUITests.m in Sources */ = {isa = PBXBuildFile; fileRef = 7857DF0C1CE8A6C800904B04 /* AnimationHomeworkUITests.m */; };
		78DEF0BD1D624758005EBBE3 /* win_1.png in Resources */ = {isa = PBXBuildFile; fileRef = 78DEF0AD1D624758005EBBE3 /* win_1.png */; };
		78DEF0BE1D624758005EBBE3 /* win_10.png in Resources */ = {isa = PBXBuildFile; fileRef = 78DEF0AE1D624758005EBBE3 /* win_10.png */; };
		78DEF0BF1D624758005EBBE3 /* win_11.png in Resources */ = {isa = PBXBuildFile; fileRef = 78DEF0AF1D624758005EBBE3 /* win_11.png */; };
		78DEF0C01D624758005EBBE3 /* win_12.png in Resources */ = {isa = PBXBuildFile; fileRef = 78DEF0B01D624758005EBBE3 /* win_12.png */; };
		78DEF0C11D624758005EBBE3 /* win_13.png in Resources */ = {isa = PBXBuildFile; fileRef = 78DEF0B11D624758005EBBE3 /* win_13.png */; };
		78DEF0C21D624758005EBBE3 /* win_14.png in Resources */ = {isa = PBXBuildFile; fileRef = 78DEF0B21D624758005EBBE3 /* win_14.png */; };
		78DEF0C31D624758005EBBE3 /* win_15.png in Resources */ = {isa = PBXBuildFile; fileRef = 78DEF0B31D624758005EBBE3 /* win_15.png */; };
		78DEF0C41D624758005EBBE3 /* win_16.png in Resources */ = {isa = PBXBuildFile; fileRef = 78DEF0B41D624758005EBBE3 /* win_16.png */; };
		78DEF0C51D624758005EBBE3 /* win_2.png in Resources */ = {isa = PBXBuildFile; fileRef = 78DEF0B51D624758005EBBE3 /* win_2.png */; };
		78DEF0C61D624758005EBBE3 /* win_3.png in Resources */ = {isa = PBXBuildFile; fileRef = 78DEF0B61D624758005EBBE3 /* win_3.png */; };
		78DEF0C71D624758005EBBE3 /* win_4.png in Resources */ = {isa = PBXBuildFile; fileRef = 78DEF0B71D624758005EBBE3 /* win_4.png */; };
		78DEF0C81D624758005EBBE3 /* win_5.png in Resources */ = {isa = PBXBuildFile; fileRef = 78DEF0B81D624758005EBBE3 /* win_5.png */; };
		78DEF0C91D624758005EBBE3 /* win_6.png in Resources */ = {isa = PBXBuildFile; fileRef = 78DEF0B91D624758005EBBE3 /* win_6.png */; };
		78DEF0CA1D624758005EBBE3 /* win_7.png in Resources */ = {isa = PBXBuildFile; fileRef = 78DEF0BA1D624758005EBBE3 /* win_7.png */; };
		78DEF0CB1D624758005EBBE3 /* win_8.png in Resources */ = {isa = PBXBuildFile; fileRef = 78DEF0BB1D624758005EBBE3 /* win_8.png */; };
		78DEF0CC1D624758005EBBE3 /* win_9.png in Resources */ = {isa = PBXBuildFile; fileRef = 78DEF0BC1D624758005EBBE3 /* win_9.png */; };
/* End PBXBuildFile section */

/* Begin PBXContainerItemProxy section */
		7857DEFE1CE8A6C800904B04 /* PBXContainerItemProxy */ = {
			isa = PBXContainerItemProxy;
			containerPortal = 7857DEDC1CE8A6C800904B04 /* Project object */;
			proxyType = 1;
			remoteGlobalIDString = 7857DEE31CE8A6C800904B04;
			remoteInfo = AnimationHomework;
		};
		7857DF091CE8A6C800904B04 /* PBXContainerItemProxy */ = {
			isa = PBXContainerItemProxy;
			containerPortal = 7857DEDC1CE8A6C800904B04 /* Project object */;
			proxyType = 1;
			remoteGlobalIDString = 7857DEE31CE8A6C800904B04;
			remoteInfo = AnimationHomework;
		};
/* End PBXContainerItemProxy section */

/* Begin PBXFileReference section */
		7857DEE41CE8A6C800904B04 /* AnimationHomework.app */ = {isa = PBXFileReference; explicitFileType = wrapper.application; includeInIndex = 0; path = AnimationHomework.app; sourceTree = BUILT_PRODUCTS_DIR; };
		7857DEE81CE8A6C800904B04 /* main.m */ = {isa = PBXFileReference; lastKnownFileType = sourcecode.c.objc; path = main.m; sourceTree = "<group>"; };
		7857DEEA1CE8A6C800904B04 /* AppDelegate.h */ = {isa = PBXFileReference; lastKnownFileType = sourcecode.c.h; path = AppDelegate.h; sourceTree = "<group>"; };
		7857DEEB1CE8A6C800904B04 /* AppDelegate.m */ = {isa = PBXFileReference; lastKnownFileType = sourcecode.c.objc; path = AppDelegate.m; sourceTree = "<group>"; };
		7857DEED1CE8A6C800904B04 /* ViewController.h */ = {isa = PBXFileReference; lastKnownFileType = sourcecode.c.h; path = ViewController.h; sourceTree = "<group>"; };
		7857DEEE1CE8A6C800904B04 /* ViewController.m */ = {isa = PBXFileReference; lastKnownFileType = sourcecode.c.objc; path = ViewController.m; sourceTree = "<group>"; };
		7857DEF11CE8A6C800904B04 /* Base */ = {isa = PBXFileReference; lastKnownFileType = file.storyboard; name = Base; path = Base.lproj/Main.storyboard; sourceTree = "<group>"; };
		7857DEF31CE8A6C800904B04 /* Assets.xcassets */ = {isa = PBXFileReference; lastKnownFileType = folder.assetcatalog; path = Assets.xcassets; sourceTree = "<group>"; };
		7857DEF61CE8A6C800904B04 /* Base */ = {isa = PBXFileReference; lastKnownFileType = file.storyboard; name = Base; path = Base.lproj/LaunchScreen.storyboard; sourceTree = "<group>"; };
		7857DEF81CE8A6C800904B04 /* Info.plist */ = {isa = PBXFileReference; lastKnownFileType = text.plist.xml; path = Info.plist; sourceTree = "<group>"; };
		7857DEFD1CE8A6C800904B04 /* AnimationHomeworkTests.xctest */ = {isa = PBXFileReference; explicitFileType = wrapper.cfbundle; includeInIndex = 0; path = AnimationHomeworkTests.xctest; sourceTree = BUILT_PRODUCTS_DIR; };
		7857DF011CE8A6C800904B04 /* AnimationHomeworkTests.m */ = {isa = PBXFileReference; lastKnownFileType = sourcecode.c.objc; path = AnimationHomeworkTests.m; sourceTree = "<group>"; };
		7857DF031CE8A6C800904B04 /* Info.plist */ = {isa = PBXFileReference; lastKnownFileType = text.plist.xml; path = Info.plist; sourceTree = "<group>"; };
		7857DF081CE8A6C800904B04 /* AnimationHomeworkUITests.xctest */ = {isa = PBXFileReference; explicitFileType = wrapper.cfbundle; includeInIndex = 0; path = AnimationHomeworkUITests.xctest; sourceTree = BUILT_PRODUCTS_DIR; };
		7857DF0C1CE8A6C800904B04 /* AnimationHomeworkUITests.m */ = {isa = PBXFileReference; lastKnownFileType = sourcecode.c.objc; path = AnimationHomeworkUITests.m; sourceTree = "<group>"; };
		7857DF0E1CE8A6C800904B04 /* Info.plist */ = {isa = PBXFileReference; lastKnownFileType = text.plist.xml; path = Info.plist; sourceTree = "<group>"; };
		78DEF0AD1D624758005EBBE3 /* win_1.png */ = {isa = PBXFileReference; lastKnownFileType = image.png; path = win_1.png; sourceTree = "<group>"; };
		78DEF0AE1D624758005EBBE3 /* win_10.png */ = {isa = PBXFileReference; lastKnownFileType = image.png; path = win_10.png; sourceTree = "<group>"; };
		78DEF0AF1D624758005EBBE3 /* win_11.png */ = {isa = PBXFileReference; lastKnownFileType = image.png; path = win_11.png; sourceTree = "<group>"; };
		78DEF0B01D624758005EBBE3 /* win_12.png */ = {isa = PBXFileReference; lastKnownFileType = image.png; path = win_12.png; sourceTree = "<group>"; };
		78DEF0B11D624758005EBBE3 /* win_13.png */ = {isa = PBXFileReference; lastKnownFileType = image.png; path = win_13.png; sourceTree = "<group>"; };
		78DEF0B21D624758005EBBE3 /* win_14.png */ = {isa = PBXFileReference; lastKnownFileType = image.png; path = win_14.png; sourceTree = "<group>"; };
		78DEF0B31D624758005EBBE3 /* win_15.png */ = {isa = PBXFileReference; lastKnownFileType = image.png; path = win_15.png; sourceTree = "<group>"; };
		78DEF0B41D624758005EBBE3 /* win_16.png */ = {isa = PBXFileReference; lastKnownFileType = image.png; path = win_16.png; sourceTree = "<group>"; };
		78DEF0B51D624758005EBBE3 /* win_2.png */ = {isa = PBXFileReference; lastKnownFileType = image.png; path = win_2.png; sourceTree = "<group>"; };
		78DEF0B61D624758005EBBE3 /* win_3.png */ = {isa = PBXFileReference; lastKnownFileType = image.png; path = win_3.png; sourceTree = "<group>"; };
		78DEF0B71D624758005EBBE3 /* win_4.png */ = {isa = PBXFileReference; lastKnownFileType = image.png; path = win_4.png; sourceTree = "<group>"; };
		78DEF0B81D624758005EBBE3 /* win_5.png */ = {isa = PBXFileReference; lastKnownFileType = image.png; path = win_5.png; sourceTree = "<group>"; };
		78DEF0B91D624758005EBBE3 /* win_6.png */ = {isa = PBXFileReference; lastKnownFileType = image.png; path = win_6.png; sourceTree = "<group>"; };
		78DEF0BA1D624758005EBBE3 /* win_7.png */ = {isa = PBXFileReference; lastKnownFileType = image.png; path = win_7.png; sourceTree = "<group>"; };
		78DEF0BB1D624758005EBBE3 /* win_8.png */ = {isa = PBXFileReference; lastKnownFileType = image.png; path = win_8.png; sourceTree = "<group>"; };
		78DEF0BC1D624758005EBBE3 /* win_9.png */ = {isa = PBXFileReference; lastKnownFileType = image.png; path = win_9.png; sourceTree = "<group>"; };
/* End PBXFileReference section */

/* Begin PBXFrameworksBuildPhase section */
		7857DEE11CE8A6C800904B04 /* Frameworks */ = {
			isa = PBXFrameworksBuildPhase;
			buildActionMask = 2147483647;
			files = (
			);
			runOnlyForDeploymentPostprocessing = 0;
		};
		7857DEFA1CE8A6C800904B04 /* Frameworks */ = {
			isa = PBXFrameworksBuildPhase;
			buildActionMask = 2147483647;
			files = (
			);
			runOnlyForDeploymentPostprocessing = 0;
		};
		7857DF051CE8A6C800904B04 /* Frameworks */ = {
			isa = PBXFrameworksBuildPhase;
			buildActionMask = 2147483647;
			files = (
			);
			runOnlyForDeploymentPostprocessing = 0;
		};
/* End PBXFrameworksBuildPhase section */

/* Begin PBXGroup section */
		7857DEDB1CE8A6C800904B04 = {
			isa = PBXGroup;
			children = (
				7857DEE61CE8A6C800904B04 /* AnimationHomework */,
				7857DF001CE8A6C800904B04 /* AnimationHomeworkTests */,
				7857DF0B1CE8A6C800904B04 /* AnimationHomeworkUITests */,
				7857DEE51CE8A6C800904B04 /* Products */,
			);
			sourceTree = "<group>";
		};
		7857DEE51CE8A6C800904B04 /* Products */ = {
			isa = PBXGroup;
			children = (
				7857DEE41CE8A6C800904B04 /* AnimationHomework.app */,
				7857DEFD1CE8A6C800904B04 /* AnimationHomeworkTests.xctest */,
				7857DF081CE8A6C800904B04 /* AnimationHomeworkUITests.xctest */,
			);
			name = Products;
			sourceTree = "<group>";
		};
		7857DEE61CE8A6C800904B04 /* AnimationHomework */ = {
			isa = PBXGroup;
			children = (
				7857DEEA1CE8A6C800904B04 /* AppDelegate.h */,
				7857DEEB1CE8A6C800904B04 /* AppDelegate.m */,
				7857DEED1CE8A6C800904B04 /* ViewController.h */,
				7857DEEE1CE8A6C800904B04 /* ViewController.m */,
				7857DEF01CE8A6C800904B04 /* Main.storyboard */,
				7857DEF31CE8A6C800904B04 /* Assets.xcassets */,
				7857DEF51CE8A6C800904B04 /* LaunchScreen.storyboard */,
				7857DEF81CE8A6C800904B04 /* Info.plist */,
				7857DEE71CE8A6C800904B04 /* Supporting Files */,
			);
			path = AnimationHomework;
			sourceTree = "<group>";
		};
		7857DEE71CE8A6C800904B04 /* Supporting Files */ = {
			isa = PBXGroup;
			children = (
				78DEF0AC1D624758005EBBE3 /* animation_images */,
				7857DEE81CE8A6C800904B04 /* main.m */,
			);
			name = "Supporting Files";
			sourceTree = "<group>";
		};
		7857DF001CE8A6C800904B04 /* AnimationHomeworkTests */ = {
			isa = PBXGroup;
			children = (
				7857DF011CE8A6C800904B04 /* AnimationHomeworkTests.m */,
				7857DF031CE8A6C800904B04 /* Info.plist */,
			);
			path = AnimationHomeworkTests;
			sourceTree = "<group>";
		};
		7857DF0B1CE8A6C800904B04 /* AnimationHomeworkUITests */ = {
			isa = PBXGroup;
			children = (
				7857DF0C1CE8A6C800904B04 /* AnimationHomeworkUITests.m */,
				7857DF0E1CE8A6C800904B04 /* Info.plist */,
			);
			path = AnimationHomeworkUITests;
			sourceTree = "<group>";
		};
		78DEF0AC1D624758005EBBE3 /* animation_images */ = {
			isa = PBXGroup;
			children = (
				78DEF0AD1D624758005EBBE3 /* win_1.png */,
				78DEF0AE1D624758005EBBE3 /* win_10.png */,
				78DEF0AF1D624758005EBBE3 /* win_11.png */,
				78DEF0B01D624758005EBBE3 /* win_12.png */,
				78DEF0B11D624758005EBBE3 /* win_13.png */,
				78DEF0B21D624758005EBBE3 /* win_14.png */,
				78DEF0B31D624758005EBBE3 /* win_15.png */,
				78DEF0B41D624758005EBBE3 /* win_16.png */,
				78DEF0B51D624758005EBBE3 /* win_2.png */,
				78DEF0B61D624758005EBBE3 /* win_3.png */,
				78DEF0B71D624758005EBBE3 /* win_4.png */,
				78DEF0B81D624758005EBBE3 /* win_5.png */,
				78DEF0B91D624758005EBBE3 /* win_6.png */,
				78DEF0BA1D624758005EBBE3 /* win_7.png */,
				78DEF0BB1D624758005EBBE3 /* win_8.png */,
				78DEF0BC1D624758005EBBE3 /* win_9.png */,
			);
			path = animation_images;
			sourceTree = "<group>";
		};
/* End PBXGroup section */

/* Begin PBXNativeTarget section */
		7857DEE31CE8A6C800904B04 /* AnimationHomework */ = {
			isa = PBXNativeTarget;
			buildConfigurationList = 7857DF111CE8A6C800904B04 /* Build configuration list for PBXNativeTarget "AnimationHomework" */;
			buildPhases = (
				7857DEE01CE8A6C800904B04 /* Sources */,
				7857DEE11CE8A6C800904B04 /* Frameworks */,
				7857DEE21CE8A6C800904B04 /* Resources */,
			);
			buildRules = (
			);
			dependencies = (
			);
			name = AnimationHomework;
			productName = AnimationHomework;
			productReference = 7857DEE41CE8A6C800904B04 /* AnimationHomework.app */;
			productType = "com.apple.product-type.application";
		};
		7857DEFC1CE8A6C800904B04 /* AnimationHomeworkTests */ = {
			isa = PBXNativeTarget;
			buildConfigurationList = 7857DF141CE8A6C800904B04 /* Build configuration list for PBXNativeTarget "AnimationHomeworkTests" */;
			buildPhases = (
				7857DEF91CE8A6C800904B04 /* Sources */,
				7857DEFA1CE8A6C800904B04 /* Frameworks */,
				7857DEFB1CE8A6C800904B04 /* Resources */,
			);
			buildRules = (
			);
			dependencies = (
				7857DEFF1CE8A6C800904B04 /* PBXTargetDependency */,
			);
			name = AnimationHomeworkTests;
			productName = AnimationHomeworkTests;
			productReference = 7857DEFD1CE8A6C800904B04 /* AnimationHomeworkTests.xctest */;
			productType = "com.apple.product-type.bundle.unit-test";
		};
		7857DF071CE8A6C800904B04 /* AnimationHomeworkUITests */ = {
			isa = PBXNativeTarget;
			buildConfigurationList = 7857DF171CE8A6C800904B04 /* Build configuration list for PBXNativeTarget "AnimationHomeworkUITests" */;
			buildPhases = (
				7857DF041CE8A6C800904B04 /* Sources */,
				7857DF051CE8A6C800904B04 /* Frameworks */,
				7857DF061CE8A6C800904B04 /* Resources */,
			);
			buildRules = (
			);
			dependencies = (
				7857DF0A1CE8A6C800904B04 /* PBXTargetDependency */,
			);
			name = AnimationHomeworkUITests;
			productName = AnimationHomeworkUITests;
			productReference = 7857DF081CE8A6C800904B04 /* AnimationHomeworkUITests.xctest */;
			productType = "com.apple.product-type.bundle.ui-testing";
		};
/* End PBXNativeTarget section */

/* Begin PBXProject section */
		7857DEDC1CE8A6C800904B04 /* Project object */ = {
			isa = PBXProject;
			attributes = {
				LastUpgradeCheck = 0720;
				ORGANIZATIONNAME = "Stepan Paholyk";
				TargetAttributes = {
					7857DEE31CE8A6C800904B04 = {
						CreatedOnToolsVersion = 7.2;
					};
					7857DEFC1CE8A6C800904B04 = {
						CreatedOnToolsVersion = 7.2;
						TestTargetID = 7857DEE31CE8A6C800904B04;
					};
					7857DF071CE8A6C800904B04 = {
						CreatedOnToolsVersion = 7.2;
						TestTargetID = 7857DEE31CE8A6C800904B04;
					};
				};
			};
			buildConfigurationList = 7857DEDF1CE8A6C800904B04 /* Build configuration list for PBXProject "AnimationHomework" */;
			compatibilityVersion = "Xcode 3.2";
			developmentRegion = English;
			hasScannedForEncodings = 0;
			knownRegions = (
				en,
				Base,
			);
			mainGroup = 7857DEDB1CE8A6C800904B04;
			productRefGroup = 7857DEE51CE8A6C800904B04 /* Products */;
			projectDirPath = "";
			projectRoot = "";
			targets = (
				7857DEE31CE8A6C800904B04 /* AnimationHomework */,
				7857DEFC1CE8A6C800904B04 /* AnimationHomeworkTests */,
				7857DF071CE8A6C800904B04 /* AnimationHomeworkUITests */,
			);
		};
/* End PBXProject section */

/* Begin PBXResourcesBuildPhase section */
		7857DEE21CE8A6C800904B04 /* Resources */ = {
			isa = PBXResourcesBuildPhase;
			buildActionMask = 2147483647;
			files = (
				78DEF0C41D624758005EBBE3 /* win_16.png in Resources */,
				7857DEF71CE8A6C800904B04 /* LaunchScreen.storyboard in Resources */,
				7857DEF41CE8A6C800904B04 /* Assets.xcassets in Resources */,
				78DEF0C31D624758005EBBE3 /* win_15.png in Resources */,
				78DEF0C21D624758005EBBE3 /* win_14.png in Resources */,
				78DEF0BF1D624758005EBBE3 /* win_11.png in Resources */,
				78DEF0BE1D624758005EBBE3 /* win_10.png in Resources */,
				78DEF0CA1D624758005EBBE3 /* win_7.png in Resources */,
				78DEF0C51D624758005EBBE3 /* win_2.png in Resources */,
				78DEF0BD1D624758005EBBE3 /* win_1.png in Resources */,
				7857DEF21CE8A6C800904B04 /* Main.storyboard in Resources */,
				78DEF0C81D624758005EBBE3 /* win_5.png in Resources */,
				78DEF0C61D624758005EBBE3 /* win_3.png in Resources */,
				78DEF0CB1D624758005EBBE3 /* win_8.png in Resources */,
				78DEF0C71D624758005EBBE3 /* win_4.png in Resources */,
				78DEF0CC1D624758005EBBE3 /* win_9.png in Resources */,
				78DEF0C11D624758005EBBE3 /* win_13.png in Resources */,
				78DEF0C01D624758005EBBE3 /* win_12.png in Resources */,
				78DEF0C91D624758005EBBE3 /* win_6.png in Resources */,
			);
			runOnlyForDeploymentPostprocessing = 0;
		};
		7857DEFB1CE8A6C800904B04 /* Resources */ = {
			isa = PBXResourcesBuildPhase;
			buildActionMask = 2147483647;
			files = (
			);
			runOnlyForDeploymentPostprocessing = 0;
		};
		7857DF061CE8A6C800904B04 /* Resources */ = {
			isa = PBXResourcesBuildPhase;
			buildActionMask = 2147483647;
			files = (
			);
			runOnlyForDeploymentPostprocessing = 0;
		};
/* End PBXResourcesBuildPhase section */

/* Begin PBXSourcesBuildPhase section */
		7857DEE01CE8A6C800904B04 /* Sources */ = {
			isa = PBXSourcesBuildPhase;
			buildActionMask = 2147483647;
			files = (
				7857DEEF1CE8A6C800904B04 /* ViewController.m in Sources */,
				7857DEEC1CE8A6C800904B04 /* AppDelegate.m in Sources */,
				7857DEE91CE8A6C800904B04 /* main.m in Sources */,
			);
			runOnlyForDeploymentPostprocessing = 0;
		};
		7857DEF91CE8A6C800904B04 /* Sources */ = {
			isa = PBXSourcesBuildPhase;
			buildActionMask = 2147483647;
			files = (
				7857DF021CE8A6C800904B04 /* AnimationHomeworkTests.m in Sources */,
			);
			runOnlyForDeploymentPostprocessing = 0;
		};
		7857DF041CE8A6C800904B04 /* Sources */ = {
			isa = PBXSourcesBuildPhase;
			buildActionMask = 2147483647;
			files = (
				7857DF0D1CE8A6C800904B04 /* AnimationHomeworkUITests.m in Sources */,
			);
			runOnlyForDeploymentPostprocessing = 0;
		};
/* End PBXSourcesBuildPhase section */

/* Begin PBXTargetDependency section */
		7857DEFF1CE8A6C800904B04 /* PBXTargetDependency */ = {
			isa = PBXTargetDependency;
			target = 7857DEE31CE8A6C800904B04 /* AnimationHomework */;
			targetProxy = 7857DEFE1CE8A6C800904B04 /* PBXContainerItemProxy */;
		};
		7857DF0A1CE8A6C800904B04 /* PBXTargetDependency */ = {
			isa = PBXTargetDependency;
			target = 7857DEE31CE8A6C800904B04 /* AnimationHomework */;
			targetProxy = 7857DF091CE8A6C800904B04 /* PBXContainerItemProxy */;
		};
/* End PBXTargetDependency section */

/* Begin PBXVariantGroup section */
		7857DEF01CE8A6C800904B04 /* Main.storyboard */ = {
			isa = PBXVariantGroup;
			children = (
				7857DEF11CE8A6C800904B04 /* Base */,
			);
			name = Main.storyboard;
			sourceTree = "<group>";
		};
		7857DEF51CE8A6C800904B04 /* LaunchScreen.storyboard */ = {
			isa = PBXVariantGroup;
			children = (
				7857DEF61CE8A6C800904B04 /* Base */,
			);
			name = LaunchScreen.storyboard;
			sourceTree = "<group>";
		};
/* End PBXVariantGroup section */

/* Begin XCBuildConfiguration section */
		7857DF0F1CE8A6C800904B04 /* Debug */ = {
			isa = XCBuildConfiguration;
			buildSettings = {
				ALWAYS_SEARCH_USER_PATHS = NO;
				CLANG_CXX_LANGUAGE_STANDARD = "gnu++0x";
				CLANG_CXX_LIBRARY = "libc++";
				CLANG_ENABLE_MODULES = YES;
				CLANG_ENABLE_OBJC_ARC = YES;
				CLANG_WARN_BOOL_CONVERSION = YES;
				CLANG_WARN_CONSTANT_CONVERSION = YES;
				CLANG_WARN_DIRECT_OBJC_ISA_USAGE = YES_ERROR;
				CLANG_WARN_EMPTY_BODY = YES;
				CLANG_WARN_ENUM_CONVERSION = YES;
				CLANG_WARN_INT_CONVERSION = YES;
				CLANG_WARN_OBJC_ROOT_CLASS = YES_ERROR;
				CLANG_WARN_UNREACHABLE_CODE = YES;
				CLANG_WARN__DUPLICATE_METHOD_MATCH = YES;
				"CODE_SIGN_IDENTITY[sdk=iphoneos*]" = "iPhone Developer";
				COPY_PHASE_STRIP = NO;
				DEBUG_INFORMATION_FORMAT = dwarf;
				ENABLE_STRICT_OBJC_MSGSEND = YES;
				ENABLE_TESTABILITY = YES;
				GCC_C_LANGUAGE_STANDARD = gnu99;
				GCC_DYNAMIC_NO_PIC = NO;
				GCC_NO_COMMON_BLOCKS = YES;
				GCC_OPTIMIZATION_LEVEL = 0;
				GCC_PREPROCESSOR_DEFINITIONS = (
					"DEBUG=1",
					"$(inherited)",
				);
				GCC_WARN_64_TO_32_BIT_CONVERSION = YES;
				GCC_WARN_ABOUT_RETURN_TYPE = YES_ERROR;
				GCC_WARN_UNDECLARED_SELECTOR = YES;
				GCC_WARN_UNINITIALIZED_AUTOS = YES_AGGRESSIVE;
				GCC_WARN_UNUSED_FUNCTION = YES;
				GCC_WARN_UNUSED_VARIABLE = YES;
				IPHONEOS_DEPLOYMENT_TARGET = 9.2;
				MTL_ENABLE_DEBUG_INFO = YES;
				ONLY_ACTIVE_ARCH = YES;
				SDKROOT = iphoneos;
				TARGETED_DEVICE_FAMILY = 2;
			};
			name = Debug;
		};
		7857DF101CE8A6C800904B04 /* Release */ = {
			isa = XCBuildConfiguration;
			buildSettings = {
				ALWAYS_SEARCH_USER_PATHS = NO;
				CLANG_CXX_LANGUAGE_STANDARD = "gnu++0x";
				CLANG_CXX_LIBRARY = "libc++";
				CLANG_ENABLE_MODULES = YES;
				CLANG_ENABLE_OBJC_ARC = YES;
				CLANG_WARN_BOOL_CONVERSION = YES;
				CLANG_WARN_CONSTANT_CONVERSION = YES;
				CLANG_WARN_DIRECT_OBJC_ISA_USAGE = YES_ERROR;
				CLANG_WARN_EMPTY_BODY = YES;
				CLANG_WARN_ENUM_CONVERSION = YES;
				CLANG_WARN_INT_CONVERSION = YES;
				CLANG_WARN_OBJC_ROOT_CLASS = YES_ERROR;
				CLANG_WARN_UNREACHABLE_CODE = YES;
				CLANG_WARN__DUPLICATE_METHOD_MATCH = YES;
				"CODE_SIGN_IDENTITY[sdk=iphoneos*]" = "iPhone Developer";
				COPY_PHASE_STRIP = NO;
				DEBUG_INFORMATION_FORMAT = "dwarf-with-dsym";
				ENABLE_NS_ASSERTIONS = NO;
				ENABLE_STRICT_OBJC_MSGSEND = YES;
				GCC_C_LANGUAGE_STANDARD = gnu99;
				GCC_NO_COMMON_BLOCKS = YES;
				GCC_WARN_64_TO_32_BIT_CONVERSION = YES;
				GCC_WARN_ABOUT_RETURN_TYPE = YES_ERROR;
				GCC_WARN_UNDECLARED_SELECTOR = YES;
				GCC_WARN_UNINITIALIZED_AUTOS = YES_AGGRESSIVE;
				GCC_WARN_UNUSED_FUNCTION = YES;
				GCC_WARN_UNUSED_VARIABLE = YES;
				IPHONEOS_DEPLOYMENT_TARGET = 9.2;
				MTL_ENABLE_DEBUG_INFO = NO;
				SDKROOT = iphoneos;
				TARGETED_DEVICE_FAMILY = 2;
				VALIDATE_PRODUCT = YES;
			};
			name = Release;
		};
		7857DF121CE8A6C800904B04 /* Debug */ = {
			isa = XCBuildConfiguration;
			buildSettings = {
				ASSETCATALOG_COMPILER_APPICON_NAME = AppIcon;
				INFOPLIST_FILE = AnimationHomework/Info.plist;
				LD_RUNPATH_SEARCH_PATHS = "$(inherited) @executable_path/Frameworks";
				PRODUCT_BUNDLE_IDENTIFIER = com.StepanPaholyk.AnimationHomework;
				PRODUCT_NAME = "$(TARGET_NAME)";
			};
			name = Debug;
		};
		7857DF131CE8A6C800904B04 /* Release */ = {
			isa = XCBuildConfiguration;
			buildSettings = {
				ASSETCATALOG_COMPILER_APPICON_NAME = AppIcon;
				INFOPLIST_FILE = AnimationHomework/Info.plist;
				LD_RUNPATH_SEARCH_PATHS = "$(inherited) @executable_path/Frameworks";
				PRODUCT_BUNDLE_IDENTIFIER = com.StepanPaholyk.AnimationHomework;
				PRODUCT_NAME = "$(TARGET_NAME)";
			};
			name = Release;
		};
		7857DF151CE8A6C800904B04 /* Debug */ = {
			isa = XCBuildConfiguration;
			buildSettings = {
				BUNDLE_LOADER = "$(TEST_HOST)";
				INFOPLIST_FILE = AnimationHomeworkTests/Info.plist;
				LD_RUNPATH_SEARCH_PATHS = "$(inherited) @executable_path/Frameworks @loader_path/Frameworks";
				PRODUCT_BUNDLE_IDENTIFIER = com.StepanPaholyk.AnimationHomeworkTests;
				PRODUCT_NAME = "$(TARGET_NAME)";
				TEST_HOST = "$(BUILT_PRODUCTS_DIR)/AnimationHomework.app/AnimationHomework";
			};
			name = Debug;
		};
		7857DF161CE8A6C800904B04 /* Release */ = {
			isa = XCBuildConfiguration;
			buildSettings = {
				BUNDLE_LOADER = "$(TEST_HOST)";
				INFOPLIST_FILE = AnimationHomeworkTests/Info.plist;
				LD_RUNPATH_SEARCH_PATHS = "$(inherited) @executable_path/Frameworks @loader_path/Frameworks";
				PRODUCT_BUNDLE_IDENTIFIER = com.StepanPaholyk.AnimationHomeworkTests;
				PRODUCT_NAME = "$(TARGET_NAME)";
				TEST_HOST = "$(BUILT_PRODUCTS_DIR)/AnimationHomework.app/AnimationHomework";
			};
			name = Release;
		};
		7857DF181CE8A6C800904B04 /* Debug */ = {
			isa = XCBuildConfiguration;
			buildSettings = {
				INFOPLIST_FILE = AnimationHomeworkUITests/Info.plist;
				LD_RUNPATH_SEARCH_PATHS = "$(inherited) @executable_path/Frameworks @loader_path/Frameworks";
				PRODUCT_BUNDLE_IDENTIFIER = com.StepanPaholyk.AnimationHomeworkUITests;
				PRODUCT_NAME = "$(TARGET_NAME)";
				TEST_TARGET_NAME = AnimationHomework;
				USES_XCTRUNNER = YES;
			};
			name = Debug;
		};
		7857DF191CE8A6C800904B04 /* Release */ = {
			isa = XCBuildConfiguration;
			buildSettings = {
				INFOPLIST_FILE = AnimationHomeworkUITests/Info.plist;
				LD_RUNPATH_SEARCH_PATHS = "$(inherited) @executable_path/Frameworks @loader_path/Frameworks";
				PRODUCT_BUNDLE_IDENTIFIER = com.StepanPaholyk.AnimationHomeworkUITests;
				PRODUCT_NAME = "$(TARGET_NAME)";
				TEST_TARGET_NAME = AnimationHomework;
				USES_XCTRUNNER = YES;
			};
			name = Release;
		};
/* End XCBuildConfiguration section */

/* Begin XCConfigurationList section */
		7857DEDF1CE8A6C800904B04 /* Build configuration list for PBXProject "AnimationHomework" */ = {
			isa = XCConfigurationList;
			buildConfigurations = (
				7857DF0F1CE8A6C800904B04 /* Debug */,
				7857DF101CE8A6C800904B04 /* Release */,
			);
			defaultConfigurationIsVisible = 0;
			defaultConfigurationName = Release;
		};
		7857DF111CE8A6C800904B04 /* Build configuration list for PBXNativeTarget "AnimationHomework" */ = {
			isa = XCConfigurationList;
			buildConfigurations = (
				7857DF121CE8A6C800904B04 /* Debug */,
				7857DF131CE8A6C800904B04 /* Release */,
			);
			defaultConfigurationIsVisible = 0;
			defaultConfigurationName = Release;
		};
		7857DF141CE8A6C800904B04 /* Build configuration list for PBXNativeTarget "AnimationHomeworkTests" */ = {
			isa = XCConfigurationList;
			buildConfigurations = (
				7857DF151CE8A6C800904B04 /* Debug */,
				7857DF161CE8A6C800904B04 /* Release */,
			);
			defaultConfigurationIsVisible = 0;
			defaultConfigurationName = Release;
		};
		7857DF171CE8A6C800904B04 /* Build configuration list for PBXNativeTarget "AnimationHomeworkUITests" */ = {
			isa = XCConfigurationList;
			buildConfigurations = (
				7857DF181CE8A6C800904B04 /* Debug */,
				7857DF191CE8A6C800904B04 /* Release */,
			);
			defaultConfigurationIsVisible = 0;
			defaultConfigurationName = Release;
		};
/* End XCConfigurationList section */
	};
	rootObject = 7857DEDC1CE8A6C800904B04 /* Project object */;
}
